
Microsoft Visual Studio Solution File, Format Version 12.00
# Visual Studio 15
VisualStudioVersion = 15.0.28010.2026
MinimumVisualStudioVersion = 10.0.40219.1
Project("{FAE04EC0-301F-11D3-BF4B-00C04F79EFBC}") = "DataLayer", "DataLayer\DataLayer.csproj", "{EFD02C6C-AE1F-4F0D-B33C-5A3F25C87A6D}"
EndProject
Project("{FAE04EC0-301F-11D3-BF4B-00C04F79EFBC}") = "HIS-OT", "HIS-OT\HIS-OT.csproj", "{D0960918-CF6E-4CB5-BEC4-0302226EDE1A}"
EndProject
Project("{FAE04EC0-301F-11D3-BF4B-00C04F79EFBC}") = "HIS-OTEf", "HIS-OTEf\HIS-OTEf.csproj", "{7A374F9D-0BFB-4463-AB24-ABADCC2385B0}"
EndProject
Global
	GlobalSection(SolutionConfigurationPlatforms) = preSolution
		Debug|Any CPU = Debug|Any CPU
		Release|Any CPU = Release|Any CPU
	EndGlobalSection
	GlobalSection(ProjectConfigurationPlatforms) = postSolution
		{EFD02C6C-AE1F-4F0D-B33C-5A3F25C87A6D}.Debug|Any CPU.ActiveCfg = Debug|Any CPU
		{EFD02C6C-AE1F-4F0D-B33C-5A3F25C87A6D}.Debug|Any CPU.Build.0 = Debug|Any CPU
		{EFD02C6C-AE1F-4F0D-B33C-5A3F25C87A6D}.Release|Any CPU.ActiveCfg = Release|Any CPU
		{EFD02C6C-AE1F-4F0D-B33C-5A3F25C87A6D}.Release|Any CPU.Build.0 = Release|Any CPU
		{D0960918-CF6E-4CB5-BEC4-0302226EDE1A}.Debug|Any CPU.ActiveCfg = Debug|Any CPU
		{D0960918-CF6E-4CB5-BEC4-0302226EDE1A}.Debug|Any CPU.Build.0 = Debug|Any CPU
		{D0960918-CF6E-4CB5-BEC4-0302226EDE1A}.Release|Any CPU.ActiveCfg = Release|Any CPU
		{D0960918-CF6E-4CB5-BEC4-0302226EDE1A}.Release|Any CPU.Build.0 = Release|Any CPU
		{7A374F9D-0BFB-4463-AB24-ABADCC2385B0}.Debug|Any CPU.ActiveCfg = Debug|Any CPU
		{7A374F9D-0BFB-4463-AB24-ABADCC2385B0}.Debug|Any CPU.Build.0 = Debug|Any CPU
		{7A374F9D-0BFB-4463-AB24-ABADCC2385B0}.Release|Any CPU.ActiveCfg = Release|Any CPU
		{7A374F9D-0BFB-4463-AB24-ABADCC2385B0}.Release|Any CPU.Build.0 = Release|Any CPU
	EndGlobalSection
	GlobalSection(SolutionProperties) = preSolution
		HideSolutionNode = FALSE
	EndGlobalSection
	GlobalSection(ExtensibilityGlobals) = postSolution
		SolutionGuid = {144B84AB-6AF8-4D7F-A7B4-E8F5CA0087CE}
	EndGlobalSection
	GlobalSection(TeamFoundationVersionControl) = preSolution
		SccNumberOfProjects = 4
		SccEnterpriseProvider = {4CA58AB2-18FA-4F8D-95D4-32DDF27D184C}
		SccTeamFoundationServer = http://130.1.8.180:8080/tfs/his
		SccLocalPath0 = .
		SccProjectUniqueName1 = DataLayer\\DataLayer.csproj
		SccProjectName1 = DataLayer
		SccLocalPath1 = DataLayer
		SccProjectUniqueName2 = HIS-OT\\HIS-OT.csproj
		SccProjectName2 = HIS-OT
		SccLocalPath2 = HIS-OT
		SccProjectUniqueName3 = HIS-OTEf\\HIS-OTEf.csproj
		SccProjectName3 = HIS-OTEf
		SccLocalPath3 = HIS-OTEf
	EndGlobalSection
EndGlobal
