
Microsoft Visual Studio Solution File, Format Version 12.00
# Visual Studio 2012
Project("{FAE04EC0-301F-11D3-BF4B-00C04F79EFBC}") = "DataLayer", "DataLayer\DataLayer.csproj", "{EFD02C6C-AE1F-4F0D-B33C-5A3F25C87A6D}"
EndProject
Project("{FAE04EC0-301F-11D3-BF4B-00C04F79EFBC}") = "HIS-ITADMIN", "HIS-ITADMIN\HIS-ITADMIN.csproj", "{BECA8FAE-9EF6-458C-B354-46E2AF746DC0}"
EndProject
Project("{F184B08F-C81C-45F6-A57F-5ABD9991F28F}") = "Encryption", "Encryption\Encryption.vbproj", "{E0A8B268-645F-4EC8-8DDD-20378D88300A}"
EndProject
Global
	GlobalSection(TeamFoundationVersionControl) = preSolution
		SccNumberOfProjects = 4
		SccEnterpriseProvider = {4CA58AB2-18FA-4F8D-95D4-32DDF27D184C}
		SccTeamFoundationServer = http://130.1.8.180:8080/tfs/his
		SccLocalPath0 = .
		SccProjectUniqueName1 = DataLayer\\DataLayer.csproj
		SccProjectName1 = DataLayer
		SccLocalPath1 = DataLayer
		SccProjectUniqueName2 = HIS-ITADMIN\\HIS-ITADMIN.csproj
		SccProjectName2 = HIS-ITADMIN
		SccLocalPath2 = HIS-ITADMIN
		SccProjectUniqueName3 = Encryption\\Encryption.vbproj
		SccProjectName3 = Encryption
		SccLocalPath3 = Encryption
	EndGlobalSection
	GlobalSection(SolutionConfigurationPlatforms) = preSolution
		Debug|Any CPU = Debug|Any CPU
		Release|Any CPU = Release|Any CPU
	EndGlobalSection
	GlobalSection(ProjectConfigurationPlatforms) = postSolution
		{EFD02C6C-AE1F-4F0D-B33C-5A3F25C87A6D}.Debug|Any CPU.ActiveCfg = Debug|Any CPU
		{EFD02C6C-AE1F-4F0D-B33C-5A3F25C87A6D}.Debug|Any CPU.Build.0 = Debug|Any CPU
		{EFD02C6C-AE1F-4F0D-B33C-5A3F25C87A6D}.Release|Any CPU.ActiveCfg = Release|Any CPU
		{EFD02C6C-AE1F-4F0D-B33C-5A3F25C87A6D}.Release|Any CPU.Build.0 = Release|Any CPU
		{BECA8FAE-9EF6-458C-B354-46E2AF746DC0}.Debug|Any CPU.ActiveCfg = Debug|Any CPU
		{BECA8FAE-9EF6-458C-B354-46E2AF746DC0}.Debug|Any CPU.Build.0 = Debug|Any CPU
		{BECA8FAE-9EF6-458C-B354-46E2AF746DC0}.Release|Any CPU.ActiveCfg = Release|Any CPU
		{BECA8FAE-9EF6-458C-B354-46E2AF746DC0}.Release|Any CPU.Build.0 = Release|Any CPU
		{E0A8B268-645F-4EC8-8DDD-20378D88300A}.Debug|Any CPU.ActiveCfg = Debug|Any CPU
		{E0A8B268-645F-4EC8-8DDD-20378D88300A}.Debug|Any CPU.Build.0 = Debug|Any CPU
		{E0A8B268-645F-4EC8-8DDD-20378D88300A}.Release|Any CPU.ActiveCfg = Release|Any CPU
		{E0A8B268-645F-4EC8-8DDD-20378D88300A}.Release|Any CPU.Build.0 = Release|Any CPU
	EndGlobalSection
	GlobalSection(SolutionProperties) = preSolution
		HideSolutionNode = FALSE
	EndGlobalSection
EndGlobal
