
Microsoft Visual Studio Solution File, Format Version 12.00
# Visual Studio 15
VisualStudioVersion = 15.0.28010.2036
MinimumVisualStudioVersion = 10.0.40219.1
Project("{FAE04EC0-301F-11D3-BF4B-00C04F79EFBC}") = "DataLayer", "DataLayer\DataLayer.csproj", "{EFD02C6C-AE1F-4F0D-B33C-5A3F25C87A6D}"
EndProject
Project("{FAE04EC0-301F-11D3-BF4B-00C04F79EFBC}") = "HIS-MCRS", "HIS-MCRS\HIS-MCRS.csproj", "{BECA8FAE-9EF6-458C-B354-46E2AF746DC0}"
EndProject
Global
	GlobalSection(SolutionConfigurationPlatforms) = preSolution
		Debug|Any CPU = Debug|Any CPU
		Release|Any CPU = Release|Any CPU
	EndGlobalSection
	GlobalSection(ProjectConfigurationPlatforms) = postSolution
		{EFD02C6C-AE1F-4F0D-B33C-5A3F25C87A6D}.Debug|Any CPU.ActiveCfg = Debug|Any CPU
		{EFD02C6C-AE1F-4F0D-B33C-5A3F25C87A6D}.Debug|Any CPU.Build.0 = Debug|Any CPU
		{EFD02C6C-AE1F-4F0D-B33C-5A3F25C87A6D}.Release|Any CPU.ActiveCfg = Release|Any CPU
		{EFD02C6C-AE1F-4F0D-B33C-5A3F25C87A6D}.Release|Any CPU.Build.0 = Release|Any CPU
		{BECA8FAE-9EF6-458C-B354-46E2AF746DC0}.Debug|Any CPU.ActiveCfg = Debug|Any CPU
		{BECA8FAE-9EF6-458C-B354-46E2AF746DC0}.Debug|Any CPU.Build.0 = Debug|Any CPU
		{BECA8FAE-9EF6-458C-B354-46E2AF746DC0}.Release|Any CPU.ActiveCfg = Release|Any CPU
		{BECA8FAE-9EF6-458C-B354-46E2AF746DC0}.Release|Any CPU.Build.0 = Release|Any CPU
	EndGlobalSection
	GlobalSection(SolutionProperties) = preSolution
		HideSolutionNode = FALSE
	EndGlobalSection
	GlobalSection(ExtensibilityGlobals) = postSolution
		SolutionGuid = {9904C1C9-168E-459A-B0C0-A7E8D5BB8503}
	EndGlobalSection
	GlobalSection(TeamFoundationVersionControl) = preSolution
		SccNumberOfProjects = 3
		SccEnterpriseProvider = {4CA58AB2-18FA-4F8D-95D4-32DDF27D184C}
		SccTeamFoundationServer = http://130.1.8.180:8080/tfs/his
		SccProjectUniqueName0 = DataLayer\\DataLayer.csproj
		SccProjectName0 = DataLayer
		SccLocalPath0 = DataLayer
		SccProjectUniqueName1 = HIS-MCRS\\HIS-MCRS.csproj
		SccProjectName1 = HIS-MCRS
		SccLocalPath1 = HIS-MCRS
		SccLocalPath2 = .
	EndGlobalSection
EndGlobal
