
Microsoft Visual Studio Solution File, Format Version 12.00
# Visual Studio 2013
VisualStudioVersion = 12.0.40629.0
MinimumVisualStudioVersion = 10.0.40219.1
Project("{FAE04EC0-301F-11D3-BF4B-00C04F79EFBC}") = "DataLayer", "DataLayer\DataLayer.csproj", "{EFD02C6C-AE1F-4F0D-B33C-5A3F25C87A6D}"
EndProject
Project("{FAE04EC0-301F-11D3-BF4B-00C04F79EFBC}") = "HIS-Bloodbank.Ef", "HIS-Bloodbank.Ef\HIS-Bloodbank.Ef.csproj", "{7A374F9D-0BFB-4463-AB24-ABADCC2385B0}"
EndProject
Project("{FAE04EC0-301F-11D3-BF4B-00C04F79EFBC}") = "HisBloodbank.Web", "HISBloodbank.Web\HisBloodbank.Web.csproj", "{BECA8FAE-9EF6-458C-B354-46E2AF746DC0}"
EndProject
Global
	GlobalSection(TeamFoundationVersionControl) = preSolution
		SccNumberOfProjects = 4
		SccEnterpriseProvider = {4CA58AB2-18FA-4F8D-95D4-32DDF27D184C}
		SccTeamFoundationServer = http://130.1.8.180:8080/tfs/his
		SccLocalPath0 = .
		SccProjectUniqueName1 = DataLayer\\DataLayer.csproj
		SccProjectName1 = DataLayer
		SccLocalPath1 = DataLayer
		SccProjectUniqueName2 = HIS-Bloodbank.Ef\\HIS-Bloodbank.Ef.csproj
		SccProjectName2 = HIS-Bloodbank.Ef
		SccLocalPath2 = HIS-Bloodbank.Ef
		SccProjectUniqueName3 = HISBloodbank.Web\\HisBloodbank.Web.csproj
		SccProjectName3 = HISBloodbank.Web
		SccLocalPath3 = HISBloodbank.Web
	EndGlobalSection
	GlobalSection(SolutionConfigurationPlatforms) = preSolution
		Debug|Any CPU = Debug|Any CPU
		Release|Any CPU = Release|Any CPU
	EndGlobalSection
	GlobalSection(ProjectConfigurationPlatforms) = postSolution
		{EFD02C6C-AE1F-4F0D-B33C-5A3F25C87A6D}.Debug|Any CPU.ActiveCfg = Debug|Any CPU
		{EFD02C6C-AE1F-4F0D-B33C-5A3F25C87A6D}.Debug|Any CPU.Build.0 = Debug|Any CPU
		{EFD02C6C-AE1F-4F0D-B33C-5A3F25C87A6D}.Release|Any CPU.ActiveCfg = Release|Any CPU
		{EFD02C6C-AE1F-4F0D-B33C-5A3F25C87A6D}.Release|Any CPU.Build.0 = Release|Any CPU
		{7A374F9D-0BFB-4463-AB24-ABADCC2385B0}.Debug|Any CPU.ActiveCfg = Debug|Any CPU
		{7A374F9D-0BFB-4463-AB24-ABADCC2385B0}.Debug|Any CPU.Build.0 = Debug|Any CPU
		{7A374F9D-0BFB-4463-AB24-ABADCC2385B0}.Release|Any CPU.ActiveCfg = Release|Any CPU
		{7A374F9D-0BFB-4463-AB24-ABADCC2385B0}.Release|Any CPU.Build.0 = Release|Any CPU
		{BECA8FAE-9EF6-458C-B354-46E2AF746DC0}.Debug|Any CPU.ActiveCfg = Debug|Any CPU
		{BECA8FAE-9EF6-458C-B354-46E2AF746DC0}.Debug|Any CPU.Build.0 = Debug|Any CPU
		{BECA8FAE-9EF6-458C-B354-46E2AF746DC0}.Release|Any CPU.ActiveCfg = Release|Any CPU
		{BECA8FAE-9EF6-458C-B354-46E2AF746DC0}.Release|Any CPU.Build.0 = Release|Any CPU
	EndGlobalSection
	GlobalSection(SolutionProperties) = preSolution
		HideSolutionNode = FALSE
	EndGlobalSection
EndGlobal
